
Microsoft Visual Studio Solution File, Format Version 12.00
# Visual Studio Version 17
VisualStudioVersion = 17.11.35327.3
MinimumVisualStudioVersion = 10.0.40219.1
Project("{2150E333-8FDC-42A3-9474-1A3956D46DE8}") = "MessageCore", "MessageCore", "{CD84B17A-8D85-4322-B500-8893FD4D9522}"
EndProject
Project("{2150E333-8FDC-42A3-9474-1A3956D46DE8}") = "ApiGateways", "ApiGateways", "{F4CCC0E8-ECB2-48A8-A940-0D7C9E440DCD}"
EndProject
Project("{2150E333-8FDC-42A3-9474-1A3956D46DE8}") = "Services", "Services", "{3A161BDB-8D71-464F-85A7-709E29D2D3E0}"
EndProject
Project("{9A19103F-16F7-4668-BE54-9A1E7A4F7556}") = "YarpApiGateway", "YarpApiGateway\YarpApiGateway.csproj", "{9BAE1D97-A0D6-4E0B-9DFF-A17F8D9EF0BC}"
EndProject
Project("{9A19103F-16F7-4668-BE54-9A1E7A4F7556}") = "MessageCore.Messaging", "MessageCore.Messaging\MessageCore.Messaging.csproj", "{F1D7CA39-4BB7-4867-9FA7-CE69592E204E}"
EndProject
Project("{2150E333-8FDC-42A3-9474-1A3956D46DE8}") = "CarBasket", "CarBasket", "{FEFBB437-B26B-4F29-903C-1D4D64219D00}"
EndProject
Project("{2150E333-8FDC-42A3-9474-1A3956D46DE8}") = "CarOrders", "CarOrders", "{D32B6C33-0A43-4C88-A3FE-CB551B993D99}"
EndProject
Project("{2150E333-8FDC-42A3-9474-1A3956D46DE8}") = "CarCatalog", "CarCatalog", "{B99A4C90-5202-4BEC-A5D6-0736B8DEE822}"
EndProject
Project("{9A19103F-16F7-4668-BE54-9A1E7A4F7556}") = "CarBasket.API", "CarBasket.API\CarBasket.API.csproj", "{CC76E61E-D52C-43A6-A0E9-079FB37150DD}"
EndProject
Project("{9A19103F-16F7-4668-BE54-9A1E7A4F7556}") = "MessageCore", "MessageCore\MessageCore.csproj", "{375C4535-668F-493F-9B2A-F0F6CDEE2506}"
EndProject
Project("{9A19103F-16F7-4668-BE54-9A1E7A4F7556}") = "CarCatalog.API", "CarCatalog.API\CarCatalog.API.csproj", "{5FF69B32-9FE3-47D3-B93C-87061F63840A}"
EndProject
Project("{9A19103F-16F7-4668-BE54-9A1E7A4F7556}") = "CarOrders.API", "CarOrders.API\CarOrders.API.csproj", "{F4B8B6CC-95AC-42C0-8E02-2D6D88EE8EC0}"
EndProject
Project("{9A19103F-16F7-4668-BE54-9A1E7A4F7556}") = "CarOrders.Application", "CarOrders.Application\CarOrders.Application.csproj", "{CA1CF364-A5FC-41D7-A9F6-8697084945FE}"
EndProject
Project("{9A19103F-16F7-4668-BE54-9A1E7A4F7556}") = "CarOrders.Domain", "CarOrders.Domain\CarOrders.Domain.csproj", "{845EF58E-4DA8-40BC-AE4D-1B217B61AF3B}"
EndProject
Project("{9A19103F-16F7-4668-BE54-9A1E7A4F7556}") = "CarOrders.Infrastructure", "CarOrders.Infrastructure\CarOrders.Infrastructure.csproj", "{B6FD9BF6-ADF7-4241-B62D-36CBB86ED8C1}"
EndProject
Global
	GlobalSection(SolutionConfigurationPlatforms) = preSolution
		Debug|Any CPU = Debug|Any CPU
		Release|Any CPU = Release|Any CPU
	EndGlobalSection
	GlobalSection(ProjectConfigurationPlatforms) = postSolution
		{9BAE1D97-A0D6-4E0B-9DFF-A17F8D9EF0BC}.Debug|Any CPU.ActiveCfg = Debug|Any CPU
		{9BAE1D97-A0D6-4E0B-9DFF-A17F8D9EF0BC}.Debug|Any CPU.Build.0 = Debug|Any CPU
		{9BAE1D97-A0D6-4E0B-9DFF-A17F8D9EF0BC}.Release|Any CPU.ActiveCfg = Release|Any CPU
		{9BAE1D97-A0D6-4E0B-9DFF-A17F8D9EF0BC}.Release|Any CPU.Build.0 = Release|Any CPU
		{F1D7CA39-4BB7-4867-9FA7-CE69592E204E}.Debug|Any CPU.ActiveCfg = Debug|Any CPU
		{F1D7CA39-4BB7-4867-9FA7-CE69592E204E}.Debug|Any CPU.Build.0 = Debug|Any CPU
		{F1D7CA39-4BB7-4867-9FA7-CE69592E204E}.Release|Any CPU.ActiveCfg = Release|Any CPU
		{F1D7CA39-4BB7-4867-9FA7-CE69592E204E}.Release|Any CPU.Build.0 = Release|Any CPU
		{CC76E61E-D52C-43A6-A0E9-079FB37150DD}.Debug|Any CPU.ActiveCfg = Debug|Any CPU
		{CC76E61E-D52C-43A6-A0E9-079FB37150DD}.Debug|Any CPU.Build.0 = Debug|Any CPU
		{CC76E61E-D52C-43A6-A0E9-079FB37150DD}.Release|Any CPU.ActiveCfg = Release|Any CPU
		{CC76E61E-D52C-43A6-A0E9-079FB37150DD}.Release|Any CPU.Build.0 = Release|Any CPU
		{375C4535-668F-493F-9B2A-F0F6CDEE2506}.Debug|Any CPU.ActiveCfg = Debug|Any CPU
		{375C4535-668F-493F-9B2A-F0F6CDEE2506}.Debug|Any CPU.Build.0 = Debug|Any CPU
		{375C4535-668F-493F-9B2A-F0F6CDEE2506}.Release|Any CPU.ActiveCfg = Release|Any CPU
		{375C4535-668F-493F-9B2A-F0F6CDEE2506}.Release|Any CPU.Build.0 = Release|Any CPU
		{5FF69B32-9FE3-47D3-B93C-87061F63840A}.Debug|Any CPU.ActiveCfg = Debug|Any CPU
		{5FF69B32-9FE3-47D3-B93C-87061F63840A}.Debug|Any CPU.Build.0 = Debug|Any CPU
		{5FF69B32-9FE3-47D3-B93C-87061F63840A}.Release|Any CPU.ActiveCfg = Release|Any CPU
		{5FF69B32-9FE3-47D3-B93C-87061F63840A}.Release|Any CPU.Build.0 = Release|Any CPU
		{F4B8B6CC-95AC-42C0-8E02-2D6D88EE8EC0}.Debug|Any CPU.ActiveCfg = Debug|Any CPU
		{F4B8B6CC-95AC-42C0-8E02-2D6D88EE8EC0}.Debug|Any CPU.Build.0 = Debug|Any CPU
		{F4B8B6CC-95AC-42C0-8E02-2D6D88EE8EC0}.Release|Any CPU.ActiveCfg = Release|Any CPU
		{F4B8B6CC-95AC-42C0-8E02-2D6D88EE8EC0}.Release|Any CPU.Build.0 = Release|Any CPU
		{CA1CF364-A5FC-41D7-A9F6-8697084945FE}.Debug|Any CPU.ActiveCfg = Debug|Any CPU
		{CA1CF364-A5FC-41D7-A9F6-8697084945FE}.Debug|Any CPU.Build.0 = Debug|Any CPU
		{CA1CF364-A5FC-41D7-A9F6-8697084945FE}.Release|Any CPU.ActiveCfg = Release|Any CPU
		{CA1CF364-A5FC-41D7-A9F6-8697084945FE}.Release|Any CPU.Build.0 = Release|Any CPU
		{845EF58E-4DA8-40BC-AE4D-1B217B61AF3B}.Debug|Any CPU.ActiveCfg = Debug|Any CPU
		{845EF58E-4DA8-40BC-AE4D-1B217B61AF3B}.Debug|Any CPU.Build.0 = Debug|Any CPU
		{845EF58E-4DA8-40BC-AE4D-1B217B61AF3B}.Release|Any CPU.ActiveCfg = Release|Any CPU
		{845EF58E-4DA8-40BC-AE4D-1B217B61AF3B}.Release|Any CPU.Build.0 = Release|Any CPU
		{B6FD9BF6-ADF7-4241-B62D-36CBB86ED8C1}.Debug|Any CPU.ActiveCfg = Debug|Any CPU
		{B6FD9BF6-ADF7-4241-B62D-36CBB86ED8C1}.Debug|Any CPU.Build.0 = Debug|Any CPU
		{B6FD9BF6-ADF7-4241-B62D-36CBB86ED8C1}.Release|Any CPU.ActiveCfg = Release|Any CPU
		{B6FD9BF6-ADF7-4241-B62D-36CBB86ED8C1}.Release|Any CPU.Build.0 = Release|Any CPU
	EndGlobalSection
	GlobalSection(SolutionProperties) = preSolution
		HideSolutionNode = FALSE
	EndGlobalSection
	GlobalSection(NestedProjects) = preSolution
		{9BAE1D97-A0D6-4E0B-9DFF-A17F8D9EF0BC} = {F4CCC0E8-ECB2-48A8-A940-0D7C9E440DCD}
		{F1D7CA39-4BB7-4867-9FA7-CE69592E204E} = {CD84B17A-8D85-4322-B500-8893FD4D9522}
		{FEFBB437-B26B-4F29-903C-1D4D64219D00} = {3A161BDB-8D71-464F-85A7-709E29D2D3E0}
		{D32B6C33-0A43-4C88-A3FE-CB551B993D99} = {3A161BDB-8D71-464F-85A7-709E29D2D3E0}
		{B99A4C90-5202-4BEC-A5D6-0736B8DEE822} = {3A161BDB-8D71-464F-85A7-709E29D2D3E0}
		{CC76E61E-D52C-43A6-A0E9-079FB37150DD} = {FEFBB437-B26B-4F29-903C-1D4D64219D00}
		{375C4535-668F-493F-9B2A-F0F6CDEE2506} = {FEFBB437-B26B-4F29-903C-1D4D64219D00}
		{5FF69B32-9FE3-47D3-B93C-87061F63840A} = {B99A4C90-5202-4BEC-A5D6-0736B8DEE822}
		{F4B8B6CC-95AC-42C0-8E02-2D6D88EE8EC0} = {D32B6C33-0A43-4C88-A3FE-CB551B993D99}
		{CA1CF364-A5FC-41D7-A9F6-8697084945FE} = {D32B6C33-0A43-4C88-A3FE-CB551B993D99}
		{845EF58E-4DA8-40BC-AE4D-1B217B61AF3B} = {D32B6C33-0A43-4C88-A3FE-CB551B993D99}
		{B6FD9BF6-ADF7-4241-B62D-36CBB86ED8C1} = {D32B6C33-0A43-4C88-A3FE-CB551B993D99}
	EndGlobalSection
	GlobalSection(ExtensibilityGlobals) = postSolution
		SolutionGuid = {53AE59CE-D11E-49E1-A9DE-AEF25EA3C0E4}
	EndGlobalSection
EndGlobal
